// !$*UTF8*$!
{
	archiveVersion = 1;
	classes = {
	};
	objectVersion = 46;
	objects = {

/* Begin PBXBuildFile section */
		DA4571BE1AAE5BBD00418C8C /* AppDelegate.swift in Sources */ = {isa = PBXBuildFile; fileRef = DA4571BD1AAE5BBD00418C8C /* AppDelegate.swift */; };
		DA4571C11AAE5BBD00418C8C /* Objective.xcdatamodeld in Sources */ = {isa = PBXBuildFile; fileRef = DA4571BF1AAE5BBD00418C8C /* Objective.xcdatamodeld */; };
		DA4571C61AAE5BBD00418C8C /* Main.storyboard in Resources */ = {isa = PBXBuildFile; fileRef = DA4571C41AAE5BBD00418C8C /* Main.storyboard */; };
		DA4571C81AAE5BBD00418C8C /* Images.xcassets in Resources */ = {isa = PBXBuildFile; fileRef = DA4571C71AAE5BBD00418C8C /* Images.xcassets */; };
		DA4571CB1AAE5BBD00418C8C /* LaunchScreen.xib in Resources */ = {isa = PBXBuildFile; fileRef = DA4571C91AAE5BBD00418C8C /* LaunchScreen.xib */; };
		DA4571D71AAE5BBD00418C8C /* ObjectiveTests.swift in Sources */ = {isa = PBXBuildFile; fileRef = DA4571D61AAE5BBD00418C8C /* ObjectiveTests.swift */; };
		DA4571E31AAE6A3D00418C8C /* HomeViewController.swift in Sources */ = {isa = PBXBuildFile; fileRef = DA4571E21AAE6A3D00418C8C /* HomeViewController.swift */; };
		DA4571E51AAE6B1B00418C8C /* BezierPathsView.swift in Sources */ = {isa = PBXBuildFile; fileRef = DA4571E41AAE6B1B00418C8C /* BezierPathsView.swift */; };
		DA4571E71AAE6C3000418C8C /* SleepingTableViewController.swift in Sources */ = {isa = PBXBuildFile; fileRef = DA4571E61AAE6C3000418C8C /* SleepingTableViewController.swift */; };
		DA4571E91AAE6C5200418C8C /* SettingsTableViewController.swift in Sources */ = {isa = PBXBuildFile; fileRef = DA4571E81AAE6C5200418C8C /* SettingsTableViewController.swift */; };
		DA4571EB1AAE6D3100418C8C /* TutorialPageViewController.swift in Sources */ = {isa = PBXBuildFile; fileRef = DA4571EA1AAE6D3100418C8C /* TutorialPageViewController.swift */; };
		DA4571ED1AAE8BD100418C8C /* ObjectiveTabBarViewController.swift in Sources */ = {isa = PBXBuildFile; fileRef = DA4571EC1AAE8BD100418C8C /* ObjectiveTabBarViewController.swift */; };
		DA4571EF1AAE96A900418C8C /* TutorialContentViewController.swift in Sources */ = {isa = PBXBuildFile; fileRef = DA4571EE1AAE96A900418C8C /* TutorialContentViewController.swift */; };
		DA4571F11AAE9B2300418C8C /* TutorialViewController.swift in Sources */ = {isa = PBXBuildFile; fileRef = DA4571F01AAE9B2300418C8C /* TutorialViewController.swift */; };
		DA6078851AAEE6D2008BBA11 /* WelcomeViewController.swift in Sources */ = {isa = PBXBuildFile; fileRef = DA6078841AAEE6D2008BBA11 /* WelcomeViewController.swift */; };
		DA6078871AAEE6F3008BBA11 /* SetupViewController.swift in Sources */ = {isa = PBXBuildFile; fileRef = DA6078861AAEE6F3008BBA11 /* SetupViewController.swift */; };
		DA60788D1AAEF525008BBA11 /* CurrencyInfo.swift in Sources */ = {isa = PBXBuildFile; fileRef = DA60788C1AAEF525008BBA11 /* CurrencyInfo.swift */; };
		DA6078AD1AAF98D6008BBA11 /* ObjectPlayBehavior.swift in Sources */ = {isa = PBXBuildFile; fileRef = DA6078AC1AAF98D6008BBA11 /* ObjectPlayBehavior.swift */; };
		DA6078AF1AB047C6008BBA11 /* ObjectPickerView.swift in Sources */ = {isa = PBXBuildFile; fileRef = DA6078AE1AB047C6008BBA11 /* ObjectPickerView.swift */; };
/* End PBXBuildFile section */

/* Begin PBXContainerItemProxy section */
		DA4571D11AAE5BBD00418C8C /* PBXContainerItemProxy */ = {
			isa = PBXContainerItemProxy;
			containerPortal = DA4571B01AAE5BBD00418C8C /* Project object */;
			proxyType = 1;
			remoteGlobalIDString = DA4571B71AAE5BBD00418C8C;
			remoteInfo = Objective;
		};
/* End PBXContainerItemProxy section */

/* Begin PBXFileReference section */
		DA4571B81AAE5BBD00418C8C /* Objective.app */ = {isa = PBXFileReference; explicitFileType = wrapper.application; includeInIndex = 0; path = Objective.app; sourceTree = BUILT_PRODUCTS_DIR; };
		DA4571BC1AAE5BBD00418C8C /* Info.plist */ = {isa = PBXFileReference; lastKnownFileType = text.plist.xml; path = Info.plist; sourceTree = "<group>"; };
		DA4571BD1AAE5BBD00418C8C /* AppDelegate.swift */ = {isa = PBXFileReference; lastKnownFileType = sourcecode.swift; path = AppDelegate.swift; sourceTree = "<group>"; };
		DA4571C01AAE5BBD00418C8C /* Objective.xcdatamodel */ = {isa = PBXFileReference; lastKnownFileType = wrapper.xcdatamodel; path = Objective.xcdatamodel; sourceTree = "<group>"; };
		DA4571C51AAE5BBD00418C8C /* Base */ = {isa = PBXFileReference; lastKnownFileType = file.storyboard; name = Base; path = Base.lproj/Main.storyboard; sourceTree = "<group>"; };
		DA4571C71AAE5BBD00418C8C /* Images.xcassets */ = {isa = PBXFileReference; lastKnownFileType = folder.assetcatalog; path = Images.xcassets; sourceTree = "<group>"; };
		DA4571CA1AAE5BBD00418C8C /* Base */ = {isa = PBXFileReference; lastKnownFileType = file.xib; name = Base; path = Base.lproj/LaunchScreen.xib; sourceTree = "<group>"; };
		DA4571D01AAE5BBD00418C8C /* ObjectiveTests.xctest */ = {isa = PBXFileReference; explicitFileType = wrapper.cfbundle; includeInIndex = 0; path = ObjectiveTests.xctest; sourceTree = BUILT_PRODUCTS_DIR; };
		DA4571D51AAE5BBD00418C8C /* Info.plist */ = {isa = PBXFileReference; lastKnownFileType = text.plist.xml; path = Info.plist; sourceTree = "<group>"; };
		DA4571D61AAE5BBD00418C8C /* ObjectiveTests.swift */ = {isa = PBXFileReference; lastKnownFileType = sourcecode.swift; path = ObjectiveTests.swift; sourceTree = "<group>"; };
		DA4571E21AAE6A3D00418C8C /* HomeViewController.swift */ = {isa = PBXFileReference; fileEncoding = 4; lastKnownFileType = sourcecode.swift; path = HomeViewController.swift; sourceTree = "<group>"; };
		DA4571E41AAE6B1B00418C8C /* BezierPathsView.swift */ = {isa = PBXFileReference; fileEncoding = 4; lastKnownFileType = sourcecode.swift; path = BezierPathsView.swift; sourceTree = "<group>"; };
		DA4571E61AAE6C3000418C8C /* SleepingTableViewController.swift */ = {isa = PBXFileReference; fileEncoding = 4; lastKnownFileType = sourcecode.swift; path = SleepingTableViewController.swift; sourceTree = "<group>"; };
		DA4571E81AAE6C5200418C8C /* SettingsTableViewController.swift */ = {isa = PBXFileReference; fileEncoding = 4; lastKnownFileType = sourcecode.swift; path = SettingsTableViewController.swift; sourceTree = "<group>"; };
		DA4571EA1AAE6D3100418C8C /* TutorialPageViewController.swift */ = {isa = PBXFileReference; fileEncoding = 4; lastKnownFileType = sourcecode.swift; name = TutorialPageViewController.swift; path = ../TutorialPageViewController.swift; sourceTree = "<group>"; };
		DA4571EC1AAE8BD100418C8C /* ObjectiveTabBarViewController.swift */ = {isa = PBXFileReference; fileEncoding = 4; lastKnownFileType = sourcecode.swift; path = ObjectiveTabBarViewController.swift; sourceTree = "<group>"; };
		DA4571EE1AAE96A900418C8C /* TutorialContentViewController.swift */ = {isa = PBXFileReference; fileEncoding = 4; lastKnownFileType = sourcecode.swift; path = TutorialContentViewController.swift; sourceTree = "<group>"; };
		DA4571F01AAE9B2300418C8C /* TutorialViewController.swift */ = {isa = PBXFileReference; fileEncoding = 4; lastKnownFileType = sourcecode.swift; path = TutorialViewController.swift; sourceTree = "<group>"; };
		DA6078841AAEE6D2008BBA11 /* WelcomeViewController.swift */ = {isa = PBXFileReference; fileEncoding = 4; lastKnownFileType = sourcecode.swift; path = WelcomeViewController.swift; sourceTree = "<group>"; };
		DA6078861AAEE6F3008BBA11 /* SetupViewController.swift */ = {isa = PBXFileReference; fileEncoding = 4; lastKnownFileType = sourcecode.swift; path = SetupViewController.swift; sourceTree = "<group>"; };
		DA60788C1AAEF525008BBA11 /* CurrencyInfo.swift */ = {isa = PBXFileReference; fileEncoding = 4; lastKnownFileType = sourcecode.swift; name = CurrencyInfo.swift; path = ../CurrencyInfo.swift; sourceTree = "<group>"; };
		DA60789A1AAF04C5008BBA11 /* Objective-Bridging-Header.h */ = {isa = PBXFileReference; lastKnownFileType = sourcecode.c.h; path = "Objective-Bridging-Header.h"; sourceTree = "<group>"; };
		DA6078AC1AAF98D6008BBA11 /* ObjectPlayBehavior.swift */ = {isa = PBXFileReference; fileEncoding = 4; lastKnownFileType = sourcecode.swift; path = ObjectPlayBehavior.swift; sourceTree = "<group>"; };
		DA6078AE1AB047C6008BBA11 /* ObjectPickerView.swift */ = {isa = PBXFileReference; fileEncoding = 4; lastKnownFileType = sourcecode.swift; path = ObjectPickerView.swift; sourceTree = "<group>"; };
/* End PBXFileReference section */

/* Begin PBXFrameworksBuildPhase section */
		DA4571B51AAE5BBD00418C8C /* Frameworks */ = {
			isa = PBXFrameworksBuildPhase;
			buildActionMask = 2147483647;
			files = (
			);
			runOnlyForDeploymentPostprocessing = 0;
		};
		DA4571CD1AAE5BBD00418C8C /* Frameworks */ = {
			isa = PBXFrameworksBuildPhase;
			buildActionMask = 2147483647;
			files = (
			);
			runOnlyForDeploymentPostprocessing = 0;
		};
/* End PBXFrameworksBuildPhase section */

/* Begin PBXGroup section */
		DA4571AF1AAE5BBD00418C8C = {
			isa = PBXGroup;
			children = (
				DA4571BA1AAE5BBD00418C8C /* Objective */,
				DA4571D31AAE5BBD00418C8C /* ObjectiveTests */,
				DA4571B91AAE5BBD00418C8C /* Products */,
			);
			sourceTree = "<group>";
		};
		DA4571B91AAE5BBD00418C8C /* Products */ = {
			isa = PBXGroup;
			children = (
				DA4571B81AAE5BBD00418C8C /* Objective.app */,
				DA4571D01AAE5BBD00418C8C /* ObjectiveTests.xctest */,
			);
			name = Products;
			sourceTree = "<group>";
		};
		DA4571BA1AAE5BBD00418C8C /* Objective */ = {
			isa = PBXGroup;
			children = (
				DA60788C1AAEF525008BBA11 /* CurrencyInfo.swift */,
				DA4571C41AAE5BBD00418C8C /* Main.storyboard */,
				DA6078AE1AB047C6008BBA11 /* ObjectPickerView.swift */,
				DA6078861AAEE6F3008BBA11 /* SetupViewController.swift */,
				DA6078841AAEE6D2008BBA11 /* WelcomeViewController.swift */,
				DA4571F01AAE9B2300418C8C /* TutorialViewController.swift */,
				DA4571E81AAE6C5200418C8C /* SettingsTableViewController.swift */,
				DA4571E61AAE6C3000418C8C /* SleepingTableViewController.swift */,
				DA4571E41AAE6B1B00418C8C /* BezierPathsView.swift */,
				DA4571E21AAE6A3D00418C8C /* HomeViewController.swift */,
				DA6078AC1AAF98D6008BBA11 /* ObjectPlayBehavior.swift */,
				DA4571EA1AAE6D3100418C8C /* TutorialPageViewController.swift */,
				DA4571EE1AAE96A900418C8C /* TutorialContentViewController.swift */,
				DA4571BD1AAE5BBD00418C8C /* AppDelegate.swift */,
				DA4571EC1AAE8BD100418C8C /* ObjectiveTabBarViewController.swift */,
				DA4571BB1AAE5BBD00418C8C /* Supporting Files */,
			);
			path = Objective;
			sourceTree = "<group>";
		};
		DA4571BB1AAE5BBD00418C8C /* Supporting Files */ = {
			isa = PBXGroup;
			children = (
				DA60789A1AAF04C5008BBA11 /* Objective-Bridging-Header.h */,
				DA4571C91AAE5BBD00418C8C /* LaunchScreen.xib */,
				DA4571BF1AAE5BBD00418C8C /* Objective.xcdatamodeld */,
				DA4571C71AAE5BBD00418C8C /* Images.xcassets */,
				DA4571BC1AAE5BBD00418C8C /* Info.plist */,
			);
			name = "Supporting Files";
			sourceTree = "<group>";
		};
		DA4571D31AAE5BBD00418C8C /* ObjectiveTests */ = {
			isa = PBXGroup;
			children = (
				DA4571D61AAE5BBD00418C8C /* ObjectiveTests.swift */,
				DA4571D41AAE5BBD00418C8C /* Supporting Files */,
			);
			path = ObjectiveTests;
			sourceTree = "<group>";
		};
		DA4571D41AAE5BBD00418C8C /* Supporting Files */ = {
			isa = PBXGroup;
			children = (
				DA4571D51AAE5BBD00418C8C /* Info.plist */,
			);
			name = "Supporting Files";
			sourceTree = "<group>";
		};
/* End PBXGroup section */

/* Begin PBXNativeTarget section */
		DA4571B71AAE5BBD00418C8C /* Objective */ = {
			isa = PBXNativeTarget;
			buildConfigurationList = DA4571DA1AAE5BBD00418C8C /* Build configuration list for PBXNativeTarget "Objective" */;
			buildPhases = (
				DA4571B41AAE5BBD00418C8C /* Sources */,
				DA4571B51AAE5BBD00418C8C /* Frameworks */,
				DA4571B61AAE5BBD00418C8C /* Resources */,
			);
			buildRules = (
			);
			dependencies = (
			);
			name = Objective;
			productName = Objective;
			productReference = DA4571B81AAE5BBD00418C8C /* Objective.app */;
			productType = "com.apple.product-type.application";
		};
		DA4571CF1AAE5BBD00418C8C /* ObjectiveTests */ = {
			isa = PBXNativeTarget;
			buildConfigurationList = DA4571DD1AAE5BBD00418C8C /* Build configuration list for PBXNativeTarget "ObjectiveTests" */;
			buildPhases = (
				DA4571CC1AAE5BBD00418C8C /* Sources */,
				DA4571CD1AAE5BBD00418C8C /* Frameworks */,
				DA4571CE1AAE5BBD00418C8C /* Resources */,
			);
			buildRules = (
			);
			dependencies = (
				DA4571D21AAE5BBD00418C8C /* PBXTargetDependency */,
			);
			name = ObjectiveTests;
			productName = ObjectiveTests;
			productReference = DA4571D01AAE5BBD00418C8C /* ObjectiveTests.xctest */;
			productType = "com.apple.product-type.bundle.unit-test";
		};
/* End PBXNativeTarget section */

/* Begin PBXProject section */
		DA4571B01AAE5BBD00418C8C /* Project object */ = {
			isa = PBXProject;
			attributes = {
				LastUpgradeCheck = 0610;
				ORGANIZATIONNAME = "Jessie Alvarez";
				TargetAttributes = {
					DA4571B71AAE5BBD00418C8C = {
						CreatedOnToolsVersion = 6.1.1;
					};
					DA4571CF1AAE5BBD00418C8C = {
						CreatedOnToolsVersion = 6.1.1;
						TestTargetID = DA4571B71AAE5BBD00418C8C;
					};
				};
			};
			buildConfigurationList = DA4571B31AAE5BBD00418C8C /* Build configuration list for PBXProject "Objective" */;
			compatibilityVersion = "Xcode 3.2";
			developmentRegion = English;
			hasScannedForEncodings = 0;
			knownRegions = (
				en,
				Base,
			);
			mainGroup = DA4571AF1AAE5BBD00418C8C;
			productRefGroup = DA4571B91AAE5BBD00418C8C /* Products */;
			projectDirPath = "";
			projectRoot = "";
			targets = (
				DA4571B71AAE5BBD00418C8C /* Objective */,
				DA4571CF1AAE5BBD00418C8C /* ObjectiveTests */,
			);
		};
/* End PBXProject section */

/* Begin PBXResourcesBuildPhase section */
		DA4571B61AAE5BBD00418C8C /* Resources */ = {
			isa = PBXResourcesBuildPhase;
			buildActionMask = 2147483647;
			files = (
				DA4571C61AAE5BBD00418C8C /* Main.storyboard in Resources */,
				DA4571CB1AAE5BBD00418C8C /* LaunchScreen.xib in Resources */,
				DA4571C81AAE5BBD00418C8C /* Images.xcassets in Resources */,
			);
			runOnlyForDeploymentPostprocessing = 0;
		};
		DA4571CE1AAE5BBD00418C8C /* Resources */ = {
			isa = PBXResourcesBuildPhase;
			buildActionMask = 2147483647;
			files = (
			);
			runOnlyForDeploymentPostprocessing = 0;
		};
/* End PBXResourcesBuildPhase section */

/* Begin PBXSourcesBuildPhase section */
		DA4571B41AAE5BBD00418C8C /* Sources */ = {
			isa = PBXSourcesBuildPhase;
			buildActionMask = 2147483647;
			files = (
				DA4571BE1AAE5BBD00418C8C /* AppDelegate.swift in Sources */,
				DA4571E51AAE6B1B00418C8C /* BezierPathsView.swift in Sources */,
				DA6078851AAEE6D2008BBA11 /* WelcomeViewController.swift in Sources */,
				DA4571F11AAE9B2300418C8C /* TutorialViewController.swift in Sources */,
				DA60788D1AAEF525008BBA11 /* CurrencyInfo.swift in Sources */,
				DA6078AF1AB047C6008BBA11 /* ObjectPickerView.swift in Sources */,
				DA6078AD1AAF98D6008BBA11 /* ObjectPlayBehavior.swift in Sources */,
				DA6078871AAEE6F3008BBA11 /* SetupViewController.swift in Sources */,
				DA4571EB1AAE6D3100418C8C /* TutorialPageViewController.swift in Sources */,
				DA4571E71AAE6C3000418C8C /* SleepingTableViewController.swift in Sources */,
				DA4571ED1AAE8BD100418C8C /* ObjectiveTabBarViewController.swift in Sources */,
				DA4571EF1AAE96A900418C8C /* TutorialContentViewController.swift in Sources */,
				DA4571C11AAE5BBD00418C8C /* Objective.xcdatamodeld in Sources */,
				DA4571E31AAE6A3D00418C8C /* HomeViewController.swift in Sources */,
				DA4571E91AAE6C5200418C8C /* SettingsTableViewController.swift in Sources */,
			);
			runOnlyForDeploymentPostprocessing = 0;
		};
		DA4571CC1AAE5BBD00418C8C /* Sources */ = {
			isa = PBXSourcesBuildPhase;
			buildActionMask = 2147483647;
			files = (
				DA4571D71AAE5BBD00418C8C /* ObjectiveTests.swift in Sources */,
			);
			runOnlyForDeploymentPostprocessing = 0;
		};
/* End PBXSourcesBuildPhase section */

/* Begin PBXTargetDependency section */
		DA4571D21AAE5BBD00418C8C /* PBXTargetDependency */ = {
			isa = PBXTargetDependency;
			target = DA4571B71AAE5BBD00418C8C /* Objective */;
			targetProxy = DA4571D11AAE5BBD00418C8C /* PBXContainerItemProxy */;
		};
/* End PBXTargetDependency section */

/* Begin PBXVariantGroup section */
		DA4571C41AAE5BBD00418C8C /* Main.storyboard */ = {
			isa = PBXVariantGroup;
			children = (
				DA4571C51AAE5BBD00418C8C /* Base */,
			);
			name = Main.storyboard;
			sourceTree = "<group>";
		};
		DA4571C91AAE5BBD00418C8C /* LaunchScreen.xib */ = {
			isa = PBXVariantGroup;
			children = (
				DA4571CA1AAE5BBD00418C8C /* Base */,
			);
			name = LaunchScreen.xib;
			sourceTree = "<group>";
		};
/* End PBXVariantGroup section */

/* Begin XCBuildConfiguration section */
		DA4571D81AAE5BBD00418C8C /* Debug */ = {
			isa = XCBuildConfiguration;
			buildSettings = {
				ALWAYS_SEARCH_USER_PATHS = NO;
				CLANG_CXX_LANGUAGE_STANDARD = "gnu++0x";
				CLANG_CXX_LIBRARY = "libc++";
				CLANG_ENABLE_MODULES = YES;
				CLANG_ENABLE_OBJC_ARC = YES;
				CLANG_WARN_BOOL_CONVERSION = YES;
				CLANG_WARN_CONSTANT_CONVERSION = YES;
				CLANG_WARN_DIRECT_OBJC_ISA_USAGE = YES_ERROR;
				CLANG_WARN_EMPTY_BODY = YES;
				CLANG_WARN_ENUM_CONVERSION = YES;
				CLANG_WARN_INT_CONVERSION = YES;
				CLANG_WARN_OBJC_ROOT_CLASS = YES_ERROR;
				CLANG_WARN_UNREACHABLE_CODE = YES;
				CLANG_WARN__DUPLICATE_METHOD_MATCH = YES;
				"CODE_SIGN_IDENTITY[sdk=iphoneos*]" = "iPhone Developer";
				COPY_PHASE_STRIP = NO;
				ENABLE_STRICT_OBJC_MSGSEND = YES;
				GCC_C_LANGUAGE_STANDARD = gnu99;
				GCC_DYNAMIC_NO_PIC = NO;
				GCC_OPTIMIZATION_LEVEL = 0;
				GCC_PREPROCESSOR_DEFINITIONS = (
					"DEBUG=1",
					"$(inherited)",
				);
				GCC_SYMBOLS_PRIVATE_EXTERN = NO;
				GCC_WARN_64_TO_32_BIT_CONVERSION = YES;
				GCC_WARN_ABOUT_RETURN_TYPE = YES_ERROR;
				GCC_WARN_UNDECLARED_SELECTOR = YES;
				GCC_WARN_UNINITIALIZED_AUTOS = YES_AGGRESSIVE;
				GCC_WARN_UNUSED_FUNCTION = YES;
				GCC_WARN_UNUSED_VARIABLE = YES;
				IPHONEOS_DEPLOYMENT_TARGET = 8.1;
				MTL_ENABLE_DEBUG_INFO = YES;
				ONLY_ACTIVE_ARCH = YES;
				SDKROOT = iphoneos;
				SWIFT_OPTIMIZATION_LEVEL = "-Onone";
				TARGETED_DEVICE_FAMILY = "1,2";
			};
			name = Debug;
		};
		DA4571D91AAE5BBD00418C8C /* Release */ = {
			isa = XCBuildConfiguration;
			buildSettings = {
				ALWAYS_SEARCH_USER_PATHS = NO;
				CLANG_CXX_LANGUAGE_STANDARD = "gnu++0x";
				CLANG_CXX_LIBRARY = "libc++";
				CLANG_ENABLE_MODULES = YES;
				CLANG_ENABLE_OBJC_ARC = YES;
				CLANG_WARN_BOOL_CONVERSION = YES;
				CLANG_WARN_CONSTANT_CONVERSION = YES;
				CLANG_WARN_DIRECT_OBJC_ISA_USAGE = YES_ERROR;
				CLANG_WARN_EMPTY_BODY = YES;
				CLANG_WARN_ENUM_CONVERSION = YES;
				CLANG_WARN_INT_CONVERSION = YES;
				CLANG_WARN_OBJC_ROOT_CLASS = YES_ERROR;
				CLANG_WARN_UNREACHABLE_CODE = YES;
				CLANG_WARN__DUPLICATE_METHOD_MATCH = YES;
				"CODE_SIGN_IDENTITY[sdk=iphoneos*]" = "iPhone Developer";
				COPY_PHASE_STRIP = YES;
				ENABLE_NS_ASSERTIONS = NO;
				ENABLE_STRICT_OBJC_MSGSEND = YES;
				GCC_C_LANGUAGE_STANDARD = gnu99;
				GCC_WARN_64_TO_32_BIT_CONVERSION = YES;
				GCC_WARN_ABOUT_RETURN_TYPE = YES_ERROR;
				GCC_WARN_UNDECLARED_SELECTOR = YES;
				GCC_WARN_UNINITIALIZED_AUTOS = YES_AGGRESSIVE;
				GCC_WARN_UNUSED_FUNCTION = YES;
				GCC_WARN_UNUSED_VARIABLE = YES;
				IPHONEOS_DEPLOYMENT_TARGET = 8.1;
				MTL_ENABLE_DEBUG_INFO = NO;
				SDKROOT = iphoneos;
				TARGETED_DEVICE_FAMILY = "1,2";
				VALIDATE_PRODUCT = YES;
			};
			name = Release;
		};
		DA4571DB1AAE5BBD00418C8C /* Debug */ = {
			isa = XCBuildConfiguration;
			buildSettings = {
				ASSETCATALOG_COMPILER_APPICON_NAME = AppIcon;
				CLANG_ENABLE_MODULES = YES;
				INFOPLIST_FILE = Objective/Info.plist;
				LD_RUNPATH_SEARCH_PATHS = "$(inherited) @executable_path/Frameworks";
				PRODUCT_NAME = "$(TARGET_NAME)";
				SWIFT_OBJC_BRIDGING_HEADER = "Objective/Objective-Bridging-Header.h";
				SWIFT_OPTIMIZATION_LEVEL = "-Onone";
			};
			name = Debug;
		};
		DA4571DC1AAE5BBD00418C8C /* Release */ = {
			isa = XCBuildConfiguration;
			buildSettings = {
				ASSETCATALOG_COMPILER_APPICON_NAME = AppIcon;
				CLANG_ENABLE_MODULES = YES;
				INFOPLIST_FILE = Objective/Info.plist;
				LD_RUNPATH_SEARCH_PATHS = "$(inherited) @executable_path/Frameworks";
				PRODUCT_NAME = "$(TARGET_NAME)";
				SWIFT_OBJC_BRIDGING_HEADER = "Objective/Objective-Bridging-Header.h";
			};
			name = Release;
		};
		DA4571DE1AAE5BBD00418C8C /* Debug */ = {
			isa = XCBuildConfiguration;
			buildSettings = {
				BUNDLE_LOADER = "$(TEST_HOST)";
				FRAMEWORK_SEARCH_PATHS = (
					"$(SDKROOT)/Developer/Library/Frameworks",
					"$(inherited)",
				);
				GCC_PREPROCESSOR_DEFINITIONS = (
					"DEBUG=1",
					"$(inherited)",
				);
				INFOPLIST_FILE = ObjectiveTests/Info.plist;
				LD_RUNPATH_SEARCH_PATHS = "$(inherited) @executable_path/Frameworks @loader_path/Frameworks";
				PRODUCT_NAME = "$(TARGET_NAME)";
				TEST_HOST = "$(BUILT_PRODUCTS_DIR)/Objective.app/Objective";
			};
			name = Debug;
		};
		DA4571DF1AAE5BBD00418C8C /* Release */ = {
			isa = XCBuildConfiguration;
			buildSettings = {
				BUNDLE_LOADER = "$(TEST_HOST)";
				FRAMEWORK_SEARCH_PATHS = (
					"$(SDKROOT)/Developer/Library/Frameworks",
					"$(inherited)",
				);
				INFOPLIST_FILE = ObjectiveTests/Info.plist;
				LD_RUNPATH_SEARCH_PATHS = "$(inherited) @executable_path/Frameworks @loader_path/Frameworks";
				PRODUCT_NAME = "$(TARGET_NAME)";
				TEST_HOST = "$(BUILT_PRODUCTS_DIR)/Objective.app/Objective";
			};
			name = Release;
		};
/* End XCBuildConfiguration section */

/* Begin XCConfigurationList section */
		DA4571B31AAE5BBD00418C8C /* Build configuration list for PBXProject "Objective" */ = {
			isa = XCConfigurationList;
			buildConfigurations = (
				DA4571D81AAE5BBD00418C8C /* Debug */,
				DA4571D91AAE5BBD00418C8C /* Release */,
			);
			defaultConfigurationIsVisible = 0;
			defaultConfigurationName = Release;
		};
		DA4571DA1AAE5BBD00418C8C /* Build configuration list for PBXNativeTarget "Objective" */ = {
			isa = XCConfigurationList;
			buildConfigurations = (
				DA4571DB1AAE5BBD00418C8C /* Debug */,
				DA4571DC1AAE5BBD00418C8C /* Release */,
			);
			defaultConfigurationIsVisible = 0;
			defaultConfigurationName = Release;
		};
		DA4571DD1AAE5BBD00418C8C /* Build configuration list for PBXNativeTarget "ObjectiveTests" */ = {
			isa = XCConfigurationList;
			buildConfigurations = (
				DA4571DE1AAE5BBD00418C8C /* Debug */,
				DA4571DF1AAE5BBD00418C8C /* Release */,
			);
			defaultConfigurationIsVisible = 0;
			defaultConfigurationName = Release;
		};
/* End XCConfigurationList section */

/* Begin XCVersionGroup section */
		DA4571BF1AAE5BBD00418C8C /* Objective.xcdatamodeld */ = {
			isa = XCVersionGroup;
			children = (
				DA4571C01AAE5BBD00418C8C /* Objective.xcdatamodel */,
			);
			currentVersion = DA4571C01AAE5BBD00418C8C /* Objective.xcdatamodel */;
			path = Objective.xcdatamodeld;
			sourceTree = "<group>";
			versionGroupType = wrapper.xcdatamodel;
		};
/* End XCVersionGroup section */
	};
	rootObject = DA4571B01AAE5BBD00418C8C /* Project object */;
}
